
Microsoft Visual Studio Solution File, Format Version 12.00
# Visual Studio 15
VisualStudioVersion = 15.0.28307.329
MinimumVisualStudioVersion = 10.0.40219.1
Project("{9A19103F-16F7-4668-BE54-9A1E7A4F7556}") = "TripTracker.BackService", "TripTracker.BackService\TripTracker.BackService.csproj", "{2D03B699-FDF8-48F3-8BE5-B8B6DF4D0B95}"
EndProject
Project("{FAE04EC0-301F-11D3-BF4B-00C04F79EFBC}") = "TripTrackerDTO", "TripTrackerDTO\TripTrackerDTO.csproj", "{4A663CDC-C2D8-4C44-99C3-3CE2BFEFDDB9}"
EndProject
Global
	GlobalSection(SolutionConfigurationPlatforms) = preSolution
		Debug|Any CPU = Debug|Any CPU
		Release|Any CPU = Release|Any CPU
	EndGlobalSection
	GlobalSection(ProjectConfigurationPlatforms) = postSolution
		{2D03B699-FDF8-48F3-8BE5-B8B6DF4D0B95}.Debug|Any CPU.ActiveCfg = Debug|Any CPU
		{2D03B699-FDF8-48F3-8BE5-B8B6DF4D0B95}.Debug|Any CPU.Build.0 = Debug|Any CPU
		{2D03B699-FDF8-48F3-8BE5-B8B6DF4D0B95}.Release|Any CPU.ActiveCfg = Release|Any CPU
		{2D03B699-FDF8-48F3-8BE5-B8B6DF4D0B95}.Release|Any CPU.Build.0 = Release|Any CPU
		{4A663CDC-C2D8-4C44-99C3-3CE2BFEFDDB9}.Debug|Any CPU.ActiveCfg = Debug|Any CPU
		{4A663CDC-C2D8-4C44-99C3-3CE2BFEFDDB9}.Debug|Any CPU.Build.0 = Debug|Any CPU
		{4A663CDC-C2D8-4C44-99C3-3CE2BFEFDDB9}.Release|Any CPU.ActiveCfg = Release|Any CPU
		{4A663CDC-C2D8-4C44-99C3-3CE2BFEFDDB9}.Release|Any CPU.Build.0 = Release|Any CPU
	EndGlobalSection
	GlobalSection(SolutionProperties) = preSolution
		HideSolutionNode = FALSE
	EndGlobalSection
	GlobalSection(ExtensibilityGlobals) = postSolution
		SolutionGuid = {F4CD8E3D-0634-4239-8739-6892F1B5E964}
	EndGlobalSection
EndGlobal
